// !$*UTF8*$!
{
	archiveVersion = 1;
	classes = {
	};
	objectVersion = 56;
	objects = {

/* Begin PBXBuildFile section */
		9EA1D50B2BB36E4F002A1029 /* ServicesInformationViewModel.swift in Sources */ = {isa = PBXBuildFile; fileRef = 9EA1D50A2BB36E4F002A1029 /* ServicesInformationViewModel.swift */; };
		9EA203BA2BB219ED00B3233A /* AppDelegate.swift in Sources */ = {isa = PBXBuildFile; fileRef = 9EA203B92BB219ED00B3233A /* AppDelegate.swift */; };
		9EA203BC2BB219ED00B3233A /* SceneDelegate.swift in Sources */ = {isa = PBXBuildFile; fileRef = 9EA203BB2BB219ED00B3233A /* SceneDelegate.swift */; };
		9EA203C32BB219EF00B3233A /* Assets.xcassets in Resources */ = {isa = PBXBuildFile; fileRef = 9EA203C22BB219EF00B3233A /* Assets.xcassets */; };
		9EA203DA2BB21B7600B3233A /* PinLayout in Frameworks */ = {isa = PBXBuildFile; productRef = 9EA203D92BB21B7600B3233A /* PinLayout */; };
		9ED991502BB223FE00D43FDA /* ServicesInformationPresenter.swift in Sources */ = {isa = PBXBuildFile; fileRef = 9ED9914A2BB223FE00D43FDA /* ServicesInformationPresenter.swift */; };
		9ED991512BB223FE00D43FDA /* ServicesInformationRouter.swift in Sources */ = {isa = PBXBuildFile; fileRef = 9ED9914B2BB223FE00D43FDA /* ServicesInformationRouter.swift */; };
		9ED991522BB223FE00D43FDA /* ServicesInformationViewController.swift in Sources */ = {isa = PBXBuildFile; fileRef = 9ED9914C2BB223FE00D43FDA /* ServicesInformationViewController.swift */; };
		9ED991532BB223FE00D43FDA /* ServicesInformationProtocols.swift in Sources */ = {isa = PBXBuildFile; fileRef = 9ED9914D2BB223FE00D43FDA /* ServicesInformationProtocols.swift */; };
		9ED991542BB223FE00D43FDA /* ServicesInformationInteractor.swift in Sources */ = {isa = PBXBuildFile; fileRef = 9ED9914E2BB223FE00D43FDA /* ServicesInformationInteractor.swift */; };
		9ED991552BB223FE00D43FDA /* ServicesInformationContainer.swift in Sources */ = {isa = PBXBuildFile; fileRef = 9ED9914F2BB223FE00D43FDA /* ServicesInformationContainer.swift */; };
		9ED991592BB2285B00D43FDA /* ServiceTableViewCell.swift in Sources */ = {isa = PBXBuildFile; fileRef = 9ED991582BB2285B00D43FDA /* ServiceTableViewCell.swift */; };
		9ED9915C2BB22BD500D43FDA /* UIView+ext.swift in Sources */ = {isa = PBXBuildFile; fileRef = 9ED9915B2BB22BD500D43FDA /* UIView+ext.swift */; };
		9ED9915F2BB23E7300D43FDA /* Service.swift in Sources */ = {isa = PBXBuildFile; fileRef = 9ED9915E2BB23E7300D43FDA /* Service.swift */; };
		9ED991612BB23E9F00D43FDA /* ResponseBody.swift in Sources */ = {isa = PBXBuildFile; fileRef = 9ED991602BB23E9F00D43FDA /* ResponseBody.swift */; };
		9ED991632BB23EC800D43FDA /* ApiResponse.swift in Sources */ = {isa = PBXBuildFile; fileRef = 9ED991622BB23EC800D43FDA /* ApiResponse.swift */; };
/* End PBXBuildFile section */

/* Begin PBXFileReference section */
		9EA1D50A2BB36E4F002A1029 /* ServicesInformationViewModel.swift */ = {isa = PBXFileReference; lastKnownFileType = sourcecode.swift; path = ServicesInformationViewModel.swift; sourceTree = "<group>"; };
		9EA203B62BB219ED00B3233A /* vk_test.app */ = {isa = PBXFileReference; explicitFileType = wrapper.application; includeInIndex = 0; path = vk_test.app; sourceTree = BUILT_PRODUCTS_DIR; };
		9EA203B92BB219ED00B3233A /* AppDelegate.swift */ = {isa = PBXFileReference; lastKnownFileType = sourcecode.swift; path = AppDelegate.swift; sourceTree = "<group>"; };
		9EA203BB2BB219ED00B3233A /* SceneDelegate.swift */ = {isa = PBXFileReference; lastKnownFileType = sourcecode.swift; path = SceneDelegate.swift; sourceTree = "<group>"; };
		9EA203C22BB219EF00B3233A /* Assets.xcassets */ = {isa = PBXFileReference; lastKnownFileType = folder.assetcatalog; path = Assets.xcassets; sourceTree = "<group>"; };
		9EA203C72BB219EF00B3233A /* Info.plist */ = {isa = PBXFileReference; lastKnownFileType = text.plist.xml; path = Info.plist; sourceTree = "<group>"; };
		9ED9914A2BB223FE00D43FDA /* ServicesInformationPresenter.swift */ = {isa = PBXFileReference; lastKnownFileType = sourcecode.swift; path = ServicesInformationPresenter.swift; sourceTree = "<group>"; };
		9ED9914B2BB223FE00D43FDA /* ServicesInformationRouter.swift */ = {isa = PBXFileReference; lastKnownFileType = sourcecode.swift; path = ServicesInformationRouter.swift; sourceTree = "<group>"; };
		9ED9914C2BB223FE00D43FDA /* ServicesInformationViewController.swift */ = {isa = PBXFileReference; lastKnownFileType = sourcecode.swift; path = ServicesInformationViewController.swift; sourceTree = "<group>"; };
		9ED9914D2BB223FE00D43FDA /* ServicesInformationProtocols.swift */ = {isa = PBXFileReference; lastKnownFileType = sourcecode.swift; path = ServicesInformationProtocols.swift; sourceTree = "<group>"; };
		9ED9914E2BB223FE00D43FDA /* ServicesInformationInteractor.swift */ = {isa = PBXFileReference; lastKnownFileType = sourcecode.swift; path = ServicesInformationInteractor.swift; sourceTree = "<group>"; };
		9ED9914F2BB223FE00D43FDA /* ServicesInformationContainer.swift */ = {isa = PBXFileReference; lastKnownFileType = sourcecode.swift; path = ServicesInformationContainer.swift; sourceTree = "<group>"; };
		9ED991582BB2285B00D43FDA /* ServiceTableViewCell.swift */ = {isa = PBXFileReference; lastKnownFileType = sourcecode.swift; path = ServiceTableViewCell.swift; sourceTree = "<group>"; };
		9ED9915B2BB22BD500D43FDA /* UIView+ext.swift */ = {isa = PBXFileReference; lastKnownFileType = sourcecode.swift; path = "UIView+ext.swift"; sourceTree = "<group>"; };
		9ED9915E2BB23E7300D43FDA /* Service.swift */ = {isa = PBXFileReference; lastKnownFileType = sourcecode.swift; path = Service.swift; sourceTree = "<group>"; };
		9ED991602BB23E9F00D43FDA /* ResponseBody.swift */ = {isa = PBXFileReference; lastKnownFileType = sourcecode.swift; path = ResponseBody.swift; sourceTree = "<group>"; };
		9ED991622BB23EC800D43FDA /* ApiResponse.swift */ = {isa = PBXFileReference; lastKnownFileType = sourcecode.swift; path = ApiResponse.swift; sourceTree = "<group>"; };
/* End PBXFileReference section */

/* Begin PBXFrameworksBuildPhase section */
		9EA203B32BB219ED00B3233A /* Frameworks */ = {
			isa = PBXFrameworksBuildPhase;
			buildActionMask = 2147483647;
			files = (
				9EA203DA2BB21B7600B3233A /* PinLayout in Frameworks */,
			);
			runOnlyForDeploymentPostprocessing = 0;
		};
/* End PBXFrameworksBuildPhase section */

/* Begin PBXGroup section */
		9EA1D5092BB36E24002A1029 /* ViewModel */ = {
			isa = PBXGroup;
			children = (
				9EA1D50A2BB36E4F002A1029 /* ServicesInformationViewModel.swift */,
			);
			path = ViewModel;
			sourceTree = "<group>";
		};
		9EA203AD2BB219ED00B3233A = {
			isa = PBXGroup;
			children = (
				9EA203B82BB219ED00B3233A /* vk_test */,
				9EA203B72BB219ED00B3233A /* Products */,
			);
			sourceTree = "<group>";
		};
		9EA203B72BB219ED00B3233A /* Products */ = {
			isa = PBXGroup;
			children = (
				9EA203B62BB219ED00B3233A /* vk_test.app */,
			);
			name = Products;
			sourceTree = "<group>";
		};
		9EA203B82BB219ED00B3233A /* vk_test */ = {
			isa = PBXGroup;
			children = (
				9ED9915A2BB22B9100D43FDA /* Extensions */,
				9ED9915D2BB23E5E00D43FDA /* Entities */,
				9ED991492BB2239F00D43FDA /* Modules */,
				9EA203DB2BB21C9F00B3233A /* Support */,
				9EA203C72BB219EF00B3233A /* Info.plist */,
			);
			path = vk_test;
			sourceTree = "<group>";
		};
		9EA203DB2BB21C9F00B3233A /* Support */ = {
			isa = PBXGroup;
			children = (
				9EA203C22BB219EF00B3233A /* Assets.xcassets */,
				9EA203B92BB219ED00B3233A /* AppDelegate.swift */,
				9EA203BB2BB219ED00B3233A /* SceneDelegate.swift */,
			);
			path = Support;
			sourceTree = "<group>";
		};
		9ED991492BB2239F00D43FDA /* Modules */ = {
			isa = PBXGroup;
			children = (
				9EA1D5092BB36E24002A1029 /* ViewModel */,
				9ED991572BB2284400D43FDA /* Cell */,
				9ED9914A2BB223FE00D43FDA /* ServicesInformationPresenter.swift */,
				9ED9914B2BB223FE00D43FDA /* ServicesInformationRouter.swift */,
				9ED9914C2BB223FE00D43FDA /* ServicesInformationViewController.swift */,
				9ED9914D2BB223FE00D43FDA /* ServicesInformationProtocols.swift */,
				9ED9914E2BB223FE00D43FDA /* ServicesInformationInteractor.swift */,
				9ED9914F2BB223FE00D43FDA /* ServicesInformationContainer.swift */,
			);
			path = Modules;
			sourceTree = "<group>";
		};
		9ED991572BB2284400D43FDA /* Cell */ = {
			isa = PBXGroup;
			children = (
				9ED991582BB2285B00D43FDA /* ServiceTableViewCell.swift */,
			);
			path = Cell;
			sourceTree = "<group>";
		};
		9ED9915A2BB22B9100D43FDA /* Extensions */ = {
			isa = PBXGroup;
			children = (
				9ED9915B2BB22BD500D43FDA /* UIView+ext.swift */,
			);
			path = Extensions;
			sourceTree = "<group>";
		};
		9ED9915D2BB23E5E00D43FDA /* Entities */ = {
			isa = PBXGroup;
			children = (
				9ED9915E2BB23E7300D43FDA /* Service.swift */,
				9ED991602BB23E9F00D43FDA /* ResponseBody.swift */,
				9ED991622BB23EC800D43FDA /* ApiResponse.swift */,
			);
			path = Entities;
			sourceTree = "<group>";
		};
/* End PBXGroup section */

/* Begin PBXNativeTarget section */
		9EA203B52BB219ED00B3233A /* vk_test */ = {
			isa = PBXNativeTarget;
			buildConfigurationList = 9EA203CA2BB219EF00B3233A /* Build configuration list for PBXNativeTarget "vk_test" */;
			buildPhases = (
				9EA203B22BB219ED00B3233A /* Sources */,
				9EA203B32BB219ED00B3233A /* Frameworks */,
				9EA203B42BB219ED00B3233A /* Resources */,
				9EA203D22BB21A6400B3233A /* ShellScript */,
			);
			buildRules = (
			);
			dependencies = (
			);
			name = vk_test;
			packageProductDependencies = (
				9EA203D92BB21B7600B3233A /* PinLayout */,
			);
			productName = vk_test;
			productReference = 9EA203B62BB219ED00B3233A /* vk_test.app */;
			productType = "com.apple.product-type.application";
		};
/* End PBXNativeTarget section */

/* Begin PBXProject section */
		9EA203AE2BB219ED00B3233A /* Project object */ = {
			isa = PBXProject;
			attributes = {
				BuildIndependentTargetsInParallel = 1;
				LastSwiftUpdateCheck = 1520;
				LastUpgradeCheck = 1520;
				TargetAttributes = {
					9EA203B52BB219ED00B3233A = {
						CreatedOnToolsVersion = 15.2;
					};
				};
			};
			buildConfigurationList = 9EA203B12BB219ED00B3233A /* Build configuration list for PBXProject "vk_test" */;
			compatibilityVersion = "Xcode 14.0";
			developmentRegion = en;
			hasScannedForEncodings = 0;
			knownRegions = (
				en,
				Base,
			);
			mainGroup = 9EA203AD2BB219ED00B3233A;
			packageReferences = (
				9EA203D82BB21B7600B3233A /* XCRemoteSwiftPackageReference "PinLayout" */,
			);
			productRefGroup = 9EA203B72BB219ED00B3233A /* Products */;
			projectDirPath = "";
			projectRoot = "";
			targets = (
				9EA203B52BB219ED00B3233A /* vk_test */,
			);
		};
/* End PBXProject section */

/* Begin PBXResourcesBuildPhase section */
		9EA203B42BB219ED00B3233A /* Resources */ = {
			isa = PBXResourcesBuildPhase;
			buildActionMask = 2147483647;
			files = (
				9EA203C32BB219EF00B3233A /* Assets.xcassets in Resources */,
			);
			runOnlyForDeploymentPostprocessing = 0;
		};
/* End PBXResourcesBuildPhase section */

/* Begin PBXShellScriptBuildPhase section */
		9EA203D22BB21A6400B3233A /* ShellScript */ = {
			isa = PBXShellScriptBuildPhase;
			alwaysOutOfDate = 1;
			buildActionMask = 2147483647;
			files = (
			);
			inputFileListPaths = (
			);
			inputPaths = (
			);
			outputFileListPaths = (
			);
			outputPaths = (
			);
			runOnlyForDeploymentPostprocessing = 0;
			shellPath = /bin/sh;
			shellScript = "if test -d \"/opt/homebrew/bin/\"; then\n  PATH=\"/opt/homebrew/bin/:${PATH}\"\nfi\n\nexport PATH\n\nif which swiftlint >/dev/null; then\n  swiftlint\nelse\n  echo \"поставьте SwiftLint\"\n  exit 1\nfi\n";
		};
/* End PBXShellScriptBuildPhase section */

/* Begin PBXSourcesBuildPhase section */
		9EA203B22BB219ED00B3233A /* Sources */ = {
			isa = PBXSourcesBuildPhase;
			buildActionMask = 2147483647;
			files = (
				9ED991522BB223FE00D43FDA /* ServicesInformationViewController.swift in Sources */,
				9EA203BA2BB219ED00B3233A /* AppDelegate.swift in Sources */,
				9ED991632BB23EC800D43FDA /* ApiResponse.swift in Sources */,
				9ED991542BB223FE00D43FDA /* ServicesInformationInteractor.swift in Sources */,
				9ED9915C2BB22BD500D43FDA /* UIView+ext.swift in Sources */,
				9EA1D50B2BB36E4F002A1029 /* ServicesInformationViewModel.swift in Sources */,
				9ED9915F2BB23E7300D43FDA /* Service.swift in Sources */,
				9ED991552BB223FE00D43FDA /* ServicesInformationContainer.swift in Sources */,
				9ED991512BB223FE00D43FDA /* ServicesInformationRouter.swift in Sources */,
				9ED991532BB223FE00D43FDA /* ServicesInformationProtocols.swift in Sources */,
				9ED991612BB23E9F00D43FDA /* ResponseBody.swift in Sources */,
				9ED991592BB2285B00D43FDA /* ServiceTableViewCell.swift in Sources */,
				9EA203BC2BB219ED00B3233A /* SceneDelegate.swift in Sources */,
				9ED991502BB223FE00D43FDA /* ServicesInformationPresenter.swift in Sources */,
			);
			runOnlyForDeploymentPostprocessing = 0;
		};
/* End PBXSourcesBuildPhase section */

/* Begin XCBuildConfiguration section */
		9EA203C82BB219EF00B3233A /* Debug */ = {
			isa = XCBuildConfiguration;
			buildSettings = {
				ALWAYS_SEARCH_USER_PATHS = NO;
				ASSETCATALOG_COMPILER_GENERATE_SWIFT_ASSET_SYMBOL_EXTENSIONS = YES;
				CLANG_ANALYZER_NONNULL = YES;
				CLANG_ANALYZER_NUMBER_OBJECT_CONVERSION = YES_AGGRESSIVE;
				CLANG_CXX_LANGUAGE_STANDARD = "gnu++20";
				CLANG_ENABLE_MODULES = YES;
				CLANG_ENABLE_OBJC_ARC = YES;
				CLANG_ENABLE_OBJC_WEAK = YES;
				CLANG_WARN_BLOCK_CAPTURE_AUTORELEASING = YES;
				CLANG_WARN_BOOL_CONVERSION = YES;
				CLANG_WARN_COMMA = YES;
				CLANG_WARN_CONSTANT_CONVERSION = YES;
				CLANG_WARN_DEPRECATED_OBJC_IMPLEMENTATIONS = YES;
				CLANG_WARN_DIRECT_OBJC_ISA_USAGE = YES_ERROR;
				CLANG_WARN_DOCUMENTATION_COMMENTS = YES;
				CLANG_WARN_EMPTY_BODY = YES;
				CLANG_WARN_ENUM_CONVERSION = YES;
				CLANG_WARN_INFINITE_RECURSION = YES;
				CLANG_WARN_INT_CONVERSION = YES;
				CLANG_WARN_NON_LITERAL_NULL_CONVERSION = YES;
				CLANG_WARN_OBJC_IMPLICIT_RETAIN_SELF = YES;
				CLANG_WARN_OBJC_LITERAL_CONVERSION = YES;
				CLANG_WARN_OBJC_ROOT_CLASS = YES_ERROR;
				CLANG_WARN_QUOTED_INCLUDE_IN_FRAMEWORK_HEADER = YES;
				CLANG_WARN_RANGE_LOOP_ANALYSIS = YES;
				CLANG_WARN_STRICT_PROTOTYPES = YES;
				CLANG_WARN_SUSPICIOUS_MOVE = YES;
				CLANG_WARN_UNGUARDED_AVAILABILITY = YES_AGGRESSIVE;
				CLANG_WARN_UNREACHABLE_CODE = YES;
				CLANG_WARN__DUPLICATE_METHOD_MATCH = YES;
				COPY_PHASE_STRIP = NO;
				DEBUG_INFORMATION_FORMAT = dwarf;
				ENABLE_STRICT_OBJC_MSGSEND = YES;
				ENABLE_TESTABILITY = YES;
				ENABLE_USER_SCRIPT_SANDBOXING = YES;
				GCC_C_LANGUAGE_STANDARD = gnu17;
				GCC_DYNAMIC_NO_PIC = NO;
				GCC_NO_COMMON_BLOCKS = YES;
				GCC_OPTIMIZATION_LEVEL = 0;
				GCC_PREPROCESSOR_DEFINITIONS = (
					"DEBUG=1",
					"$(inherited)",
				);
				GCC_WARN_64_TO_32_BIT_CONVERSION = YES;
				GCC_WARN_ABOUT_RETURN_TYPE = YES_ERROR;
				GCC_WARN_UNDECLARED_SELECTOR = YES;
				GCC_WARN_UNINITIALIZED_AUTOS = YES_AGGRESSIVE;
				GCC_WARN_UNUSED_FUNCTION = YES;
				GCC_WARN_UNUSED_VARIABLE = YES;
				IPHONEOS_DEPLOYMENT_TARGET = 17.2;
				LOCALIZATION_PREFERS_STRING_CATALOGS = YES;
				MTL_ENABLE_DEBUG_INFO = INCLUDE_SOURCE;
				MTL_FAST_MATH = YES;
				ONLY_ACTIVE_ARCH = YES;
				SDKROOT = iphoneos;
				SWIFT_ACTIVE_COMPILATION_CONDITIONS = "DEBUG $(inherited)";
				SWIFT_OPTIMIZATION_LEVEL = "-Onone";
			};
			name = Debug;
		};
		9EA203C92BB219EF00B3233A /* Release */ = {
			isa = XCBuildConfiguration;
			buildSettings = {
				ALWAYS_SEARCH_USER_PATHS = NO;
				ASSETCATALOG_COMPILER_GENERATE_SWIFT_ASSET_SYMBOL_EXTENSIONS = YES;
				CLANG_ANALYZER_NONNULL = YES;
				CLANG_ANALYZER_NUMBER_OBJECT_CONVERSION = YES_AGGRESSIVE;
				CLANG_CXX_LANGUAGE_STANDARD = "gnu++20";
				CLANG_ENABLE_MODULES = YES;
				CLANG_ENABLE_OBJC_ARC = YES;
				CLANG_ENABLE_OBJC_WEAK = YES;
				CLANG_WARN_BLOCK_CAPTURE_AUTORELEASING = YES;
				CLANG_WARN_BOOL_CONVERSION = YES;
				CLANG_WARN_COMMA = YES;
				CLANG_WARN_CONSTANT_CONVERSION = YES;
				CLANG_WARN_DEPRECATED_OBJC_IMPLEMENTATIONS = YES;
				CLANG_WARN_DIRECT_OBJC_ISA_USAGE = YES_ERROR;
				CLANG_WARN_DOCUMENTATION_COMMENTS = YES;
				CLANG_WARN_EMPTY_BODY = YES;
				CLANG_WARN_ENUM_CONVERSION = YES;
				CLANG_WARN_INFINITE_RECURSION = YES;
				CLANG_WARN_INT_CONVERSION = YES;
				CLANG_WARN_NON_LITERAL_NULL_CONVERSION = YES;
				CLANG_WARN_OBJC_IMPLICIT_RETAIN_SELF = YES;
				CLANG_WARN_OBJC_LITERAL_CONVERSION = YES;
				CLANG_WARN_OBJC_ROOT_CLASS = YES_ERROR;
				CLANG_WARN_QUOTED_INCLUDE_IN_FRAMEWORK_HEADER = YES;
				CLANG_WARN_RANGE_LOOP_ANALYSIS = YES;
				CLANG_WARN_STRICT_PROTOTYPES = YES;
				CLANG_WARN_SUSPICIOUS_MOVE = YES;
				CLANG_WARN_UNGUARDED_AVAILABILITY = YES_AGGRESSIVE;
				CLANG_WARN_UNREACHABLE_CODE = YES;
				CLANG_WARN__DUPLICATE_METHOD_MATCH = YES;
				COPY_PHASE_STRIP = NO;
				DEBUG_INFORMATION_FORMAT = "dwarf-with-dsym";
				ENABLE_NS_ASSERTIONS = NO;
				ENABLE_STRICT_OBJC_MSGSEND = YES;
				ENABLE_USER_SCRIPT_SANDBOXING = YES;
				GCC_C_LANGUAGE_STANDARD = gnu17;
				GCC_NO_COMMON_BLOCKS = YES;
				GCC_WARN_64_TO_32_BIT_CONVERSION = YES;
				GCC_WARN_ABOUT_RETURN_TYPE = YES_ERROR;
				GCC_WARN_UNDECLARED_SELECTOR = YES;
				GCC_WARN_UNINITIALIZED_AUTOS = YES_AGGRESSIVE;
				GCC_WARN_UNUSED_FUNCTION = YES;
				GCC_WARN_UNUSED_VARIABLE = YES;
				IPHONEOS_DEPLOYMENT_TARGET = 17.2;
				LOCALIZATION_PREFERS_STRING_CATALOGS = YES;
				MTL_ENABLE_DEBUG_INFO = NO;
				MTL_FAST_MATH = YES;
				SDKROOT = iphoneos;
				SWIFT_COMPILATION_MODE = wholemodule;
				VALIDATE_PRODUCT = YES;
			};
			name = Release;
		};
		9EA203CB2BB219EF00B3233A /* Debug */ = {
			isa = XCBuildConfiguration;
			buildSettings = {
				ASSETCATALOG_COMPILER_APPICON_NAME = AppIcon;
				ASSETCATALOG_COMPILER_GLOBAL_ACCENT_COLOR_NAME = AccentColor;
				CODE_SIGN_STYLE = Automatic;
				CURRENT_PROJECT_VERSION = 1;
				DEVELOPMENT_TEAM = 72F47Y7J7T;
				ENABLE_USER_SCRIPT_SANDBOXING = NO;
				GENERATE_INFOPLIST_FILE = YES;
				INFOPLIST_FILE = vk_test/Info.plist;
				INFOPLIST_KEY_UIApplicationSupportsIndirectInputEvents = YES;
				INFOPLIST_KEY_UILaunchStoryboardName = LaunchScreen;
				INFOPLIST_KEY_UISupportedInterfaceOrientations_iPad = "UIInterfaceOrientationPortrait UIInterfaceOrientationPortraitUpsideDown UIInterfaceOrientationLandscapeLeft UIInterfaceOrientationLandscapeRight";
				INFOPLIST_KEY_UISupportedInterfaceOrientations_iPhone = "UIInterfaceOrientationPortrait UIInterfaceOrientationLandscapeLeft UIInterfaceOrientationLandscapeRight";
				LD_RUNPATH_SEARCH_PATHS = (
					"$(inherited)",
					"@executable_path/Frameworks",
				);
				MARKETING_VERSION = 1.0;
				PRODUCT_BUNDLE_IDENTIFIER = "vk-test.vk-test";
				PRODUCT_NAME = "$(TARGET_NAME)";
				SWIFT_EMIT_LOC_STRINGS = YES;
				SWIFT_VERSION = 5.0;
				TARGETED_DEVICE_FAMILY = "1,2";
			};
			name = Debug;
		};
		9EA203CC2BB219EF00B3233A /* Release */ = {
			isa = XCBuildConfiguration;
			buildSettings = {
				ASSETCATALOG_COMPILER_APPICON_NAME = AppIcon;
				ASSETCATALOG_COMPILER_GLOBAL_ACCENT_COLOR_NAME = AccentColor;
				CODE_SIGN_STYLE = Automatic;
				CURRENT_PROJECT_VERSION = 1;
				DEVELOPMENT_TEAM = 72F47Y7J7T;
				ENABLE_USER_SCRIPT_SANDBOXING = NO;
				GENERATE_INFOPLIST_FILE = YES;
				INFOPLIST_FILE = vk_test/Info.plist;
				INFOPLIST_KEY_UIApplicationSupportsIndirectInputEvents = YES;
				INFOPLIST_KEY_UILaunchStoryboardName = LaunchScreen;
				INFOPLIST_KEY_UISupportedInterfaceOrientations_iPad = "UIInterfaceOrientationPortrait UIInterfaceOrientationPortraitUpsideDown UIInterfaceOrientationLandscapeLeft UIInterfaceOrientationLandscapeRight";
				INFOPLIST_KEY_UISupportedInterfaceOrientations_iPhone = "UIInterfaceOrientationPortrait UIInterfaceOrientationLandscapeLeft UIInterfaceOrientationLandscapeRight";
				LD_RUNPATH_SEARCH_PATHS = (
					"$(inherited)",
					"@executable_path/Frameworks",
				);
				MARKETING_VERSION = 1.0;
				PRODUCT_BUNDLE_IDENTIFIER = "vk-test.vk-test";
				PRODUCT_NAME = "$(TARGET_NAME)";
				SWIFT_EMIT_LOC_STRINGS = YES;
				SWIFT_VERSION = 5.0;
				TARGETED_DEVICE_FAMILY = "1,2";
			};
			name = Release;
		};
/* End XCBuildConfiguration section */

/* Begin XCConfigurationList section */
		9EA203B12BB219ED00B3233A /* Build configuration list for PBXProject "vk_test" */ = {
			isa = XCConfigurationList;
			buildConfigurations = (
				9EA203C82BB219EF00B3233A /* Debug */,
				9EA203C92BB219EF00B3233A /* Release */,
			);
			defaultConfigurationIsVisible = 0;
			defaultConfigurationName = Release;
		};
		9EA203CA2BB219EF00B3233A /* Build configuration list for PBXNativeTarget "vk_test" */ = {
			isa = XCConfigurationList;
			buildConfigurations = (
				9EA203CB2BB219EF00B3233A /* Debug */,
				9EA203CC2BB219EF00B3233A /* Release */,
			);
			defaultConfigurationIsVisible = 0;
			defaultConfigurationName = Release;
		};
/* End XCConfigurationList section */

/* Begin XCRemoteSwiftPackageReference section */
		9EA203D82BB21B7600B3233A /* XCRemoteSwiftPackageReference "PinLayout" */ = {
			isa = XCRemoteSwiftPackageReference;
			repositoryURL = "https://github.com/layoutBox/PinLayout";
			requirement = {
				kind = upToNextMajorVersion;
				minimumVersion = 1.10.5;
			};
		};
/* End XCRemoteSwiftPackageReference section */

/* Begin XCSwiftPackageProductDependency section */
		9EA203D92BB21B7600B3233A /* PinLayout */ = {
			isa = XCSwiftPackageProductDependency;
			package = 9EA203D82BB21B7600B3233A /* XCRemoteSwiftPackageReference "PinLayout" */;
			productName = PinLayout;
		};
/* End XCSwiftPackageProductDependency section */
	};
	rootObject = 9EA203AE2BB219ED00B3233A /* Project object */;
}
